
Microsoft Visual Studio Solution File, Format Version 12.00
# Visual Studio Version 16
VisualStudioVersion = 16.0.31410.357
MinimumVisualStudioVersion = 10.0.40219.1
Project("{FAE04EC0-301F-11D3-BF4B-00C04F79EFBC}") = "GmTwitterBotRegistrar", "GmTwitterBotRegistrar\GmTwitterBotRegistrar.csproj", "{C33CE38D-8033-4C26-9FBA-A15ED74E419D}"
EndProject
Project("{FAE04EC0-301F-11D3-BF4B-00C04F79EFBC}") = "JobRunner", "JobRunner\JobRunner.csproj", "{3A9446C6-3C56-4EA1-90B7-2A63814E7DB5}"
EndProject
Project("{9A19103F-16F7-4668-BE54-9A1E7A4F7556}") = "GroupMeBots", "..\GroupMeBots\GroupMeBots.csproj", "{10796908-21BE-4255-B23E-91834ECCE6A2}"
EndProject
Project("{9A19103F-16F7-4668-BE54-9A1E7A4F7556}") = "GroupMeShared", "..\GroupMeShared\GroupMeShared.csproj", "{EBF7C7EE-7AE5-4F09-8A38-0D47F05273F5}"
EndProject
Project("{FAE04EC0-301F-11D3-BF4B-00C04F79EFBC}") = "TwitterBotShared", "TwitterBotShared\TwitterBotShared.csproj", "{4ED6EC84-5567-4159-B15C-5D5F460392BD}"
EndProject
Global
	GlobalSection(SolutionConfigurationPlatforms) = preSolution
		Debug|Any CPU = Debug|Any CPU
		Release|Any CPU = Release|Any CPU
	EndGlobalSection
	GlobalSection(ProjectConfigurationPlatforms) = postSolution
		{C33CE38D-8033-4C26-9FBA-A15ED74E419D}.Debug|Any CPU.ActiveCfg = Debug|Any CPU
		{C33CE38D-8033-4C26-9FBA-A15ED74E419D}.Debug|Any CPU.Build.0 = Debug|Any CPU
		{C33CE38D-8033-4C26-9FBA-A15ED74E419D}.Release|Any CPU.ActiveCfg = Release|Any CPU
		{C33CE38D-8033-4C26-9FBA-A15ED74E419D}.Release|Any CPU.Build.0 = Release|Any CPU
		{3A9446C6-3C56-4EA1-90B7-2A63814E7DB5}.Debug|Any CPU.ActiveCfg = Debug|Any CPU
		{3A9446C6-3C56-4EA1-90B7-2A63814E7DB5}.Debug|Any CPU.Build.0 = Debug|Any CPU
		{3A9446C6-3C56-4EA1-90B7-2A63814E7DB5}.Release|Any CPU.ActiveCfg = Release|Any CPU
		{3A9446C6-3C56-4EA1-90B7-2A63814E7DB5}.Release|Any CPU.Build.0 = Release|Any CPU
		{10796908-21BE-4255-B23E-91834ECCE6A2}.Debug|Any CPU.ActiveCfg = Debug|Any CPU
		{10796908-21BE-4255-B23E-91834ECCE6A2}.Debug|Any CPU.Build.0 = Debug|Any CPU
		{10796908-21BE-4255-B23E-91834ECCE6A2}.Release|Any CPU.ActiveCfg = Release|Any CPU
		{10796908-21BE-4255-B23E-91834ECCE6A2}.Release|Any CPU.Build.0 = Release|Any CPU
		{EBF7C7EE-7AE5-4F09-8A38-0D47F05273F5}.Debug|Any CPU.ActiveCfg = Debug|Any CPU
		{EBF7C7EE-7AE5-4F09-8A38-0D47F05273F5}.Debug|Any CPU.Build.0 = Debug|Any CPU
		{EBF7C7EE-7AE5-4F09-8A38-0D47F05273F5}.Release|Any CPU.ActiveCfg = Release|Any CPU
		{EBF7C7EE-7AE5-4F09-8A38-0D47F05273F5}.Release|Any CPU.Build.0 = Release|Any CPU
		{4ED6EC84-5567-4159-B15C-5D5F460392BD}.Debug|Any CPU.ActiveCfg = Debug|Any CPU
		{4ED6EC84-5567-4159-B15C-5D5F460392BD}.Debug|Any CPU.Build.0 = Debug|Any CPU
		{4ED6EC84-5567-4159-B15C-5D5F460392BD}.Release|Any CPU.ActiveCfg = Release|Any CPU
		{4ED6EC84-5567-4159-B15C-5D5F460392BD}.Release|Any CPU.Build.0 = Release|Any CPU
	EndGlobalSection
	GlobalSection(SolutionProperties) = preSolution
		HideSolutionNode = FALSE
	EndGlobalSection
	GlobalSection(ExtensibilityGlobals) = postSolution
		SolutionGuid = {66AB7F50-785F-4F9F-A1D0-962594EAE5D3}
	EndGlobalSection
EndGlobal
